
Microsoft Visual Studio Solution File, Format Version 12.00
# Visual Studio Version 17
VisualStudioVersion = 17.0.31903.59
MinimumVisualStudioVersion = 10.0.40219.1
Project("{9A19103F-16F7-4668-BE54-9A1E7A4F7556}") = "HRMS.Management.WebAPI", "HRMS.Management.WebAPI\HRMS.Management.WebAPI.csproj", "{5941391B-D846-463B-9AD2-6B3B4B3044BF}"
EndProject
Project("{FAE04EC0-301F-11D3-BF4B-00C04F79EFBC}") = "HRMS.BL", "HRMS.BL\HRMS.BL.csproj", "{B3FA8033-ECFD-571E-DC6B-FBDAFAFDB1B2}"
EndProject
Project("{FAE04EC0-301F-11D3-BF4B-00C04F79EFBC}") = "HRMS.Common.MariaDBAccess", "HRMS.Common.MariaDBAccess\HRMS.Common.MariaDBAccess.csproj", "{2B38A165-0FC2-57E1-C804-E654EE591042}"
EndProject
Project("{FAE04EC0-301F-11D3-BF4B-00C04F79EFBC}") = "HRMS.CL", "HRMS.CL\HRMS.CL.csproj", "{9AB227BE-6363-6034-F993-0AF2F272F1BB}"
EndProject
Project("{FAE04EC0-301F-11D3-BF4B-00C04F79EFBC}") = "HRMS.DL", "HRMS.DL\HRMS.DL.csproj", "{202F8D94-5FFB-A264-C339-DFBE9932A764}"
EndProject
Project("{FAE04EC0-301F-11D3-BF4B-00C04F79EFBC}") = "HRMS.MSSQLDataAccess", "HRMS.MSSQLDataAccess\HRMS.MSSQLDataAccess.csproj", "{41AD6ED4-7C0A-1121-0514-1B2D6FE4AC1A}"
EndProject
Project("{FAE04EC0-301F-11D3-BF4B-00C04F79EFBC}") = "HRMS.WinForms", "..\UI_Win\HRMS.WinForms\HRMS.WinForms.csproj", "{6D0D5613-B335-DD68-C95F-554D5703E157}"
EndProject
Global
	GlobalSection(SolutionConfigurationPlatforms) = preSolution
		Debug|Any CPU = Debug|Any CPU
		Release|Any CPU = Release|Any CPU
	EndGlobalSection
	GlobalSection(ProjectConfigurationPlatforms) = postSolution
		{5941391B-D846-463B-9AD2-6B3B4B3044BF}.Debug|Any CPU.ActiveCfg = Debug|Any CPU
		{5941391B-D846-463B-9AD2-6B3B4B3044BF}.Debug|Any CPU.Build.0 = Debug|Any CPU
		{5941391B-D846-463B-9AD2-6B3B4B3044BF}.Release|Any CPU.ActiveCfg = Release|Any CPU
		{5941391B-D846-463B-9AD2-6B3B4B3044BF}.Release|Any CPU.Build.0 = Release|Any CPU
		{B3FA8033-ECFD-571E-DC6B-FBDAFAFDB1B2}.Debug|Any CPU.ActiveCfg = Debug|Any CPU
		{B3FA8033-ECFD-571E-DC6B-FBDAFAFDB1B2}.Debug|Any CPU.Build.0 = Debug|Any CPU
		{B3FA8033-ECFD-571E-DC6B-FBDAFAFDB1B2}.Release|Any CPU.ActiveCfg = Release|Any CPU
		{B3FA8033-ECFD-571E-DC6B-FBDAFAFDB1B2}.Release|Any CPU.Build.0 = Release|Any CPU
		{2B38A165-0FC2-57E1-C804-E654EE591042}.Debug|Any CPU.ActiveCfg = Debug|Any CPU
		{2B38A165-0FC2-57E1-C804-E654EE591042}.Debug|Any CPU.Build.0 = Debug|Any CPU
		{2B38A165-0FC2-57E1-C804-E654EE591042}.Release|Any CPU.ActiveCfg = Release|Any CPU
		{2B38A165-0FC2-57E1-C804-E654EE591042}.Release|Any CPU.Build.0 = Release|Any CPU
		{9AB227BE-6363-6034-F993-0AF2F272F1BB}.Debug|Any CPU.ActiveCfg = Debug|Any CPU
		{9AB227BE-6363-6034-F993-0AF2F272F1BB}.Debug|Any CPU.Build.0 = Debug|Any CPU
		{9AB227BE-6363-6034-F993-0AF2F272F1BB}.Release|Any CPU.ActiveCfg = Release|Any CPU
		{9AB227BE-6363-6034-F993-0AF2F272F1BB}.Release|Any CPU.Build.0 = Release|Any CPU
		{202F8D94-5FFB-A264-C339-DFBE9932A764}.Debug|Any CPU.ActiveCfg = Debug|Any CPU
		{202F8D94-5FFB-A264-C339-DFBE9932A764}.Debug|Any CPU.Build.0 = Debug|Any CPU
		{202F8D94-5FFB-A264-C339-DFBE9932A764}.Release|Any CPU.ActiveCfg = Release|Any CPU
		{202F8D94-5FFB-A264-C339-DFBE9932A764}.Release|Any CPU.Build.0 = Release|Any CPU
		{41AD6ED4-7C0A-1121-0514-1B2D6FE4AC1A}.Debug|Any CPU.ActiveCfg = Debug|Any CPU
		{41AD6ED4-7C0A-1121-0514-1B2D6FE4AC1A}.Debug|Any CPU.Build.0 = Debug|Any CPU
		{41AD6ED4-7C0A-1121-0514-1B2D6FE4AC1A}.Release|Any CPU.ActiveCfg = Release|Any CPU
		{41AD6ED4-7C0A-1121-0514-1B2D6FE4AC1A}.Release|Any CPU.Build.0 = Release|Any CPU
		{6D0D5613-B335-DD68-C95F-554D5703E157}.Debug|Any CPU.ActiveCfg = Debug|Any CPU
		{6D0D5613-B335-DD68-C95F-554D5703E157}.Debug|Any CPU.Build.0 = Debug|Any CPU
		{6D0D5613-B335-DD68-C95F-554D5703E157}.Release|Any CPU.ActiveCfg = Release|Any CPU
		{6D0D5613-B335-DD68-C95F-554D5703E157}.Release|Any CPU.Build.0 = Release|Any CPU
	EndGlobalSection
	GlobalSection(SolutionProperties) = preSolution
		HideSolutionNode = FALSE
	EndGlobalSection
	GlobalSection(ExtensibilityGlobals) = postSolution
		SolutionGuid = {3A2B90E7-668C-4566-8CC1-04E9845D504A}
	EndGlobalSection
EndGlobal
